
Microsoft Visual Studio Solution File, Format Version 12.00
# Visual Studio Version 16
VisualStudioVersion = 16.0.29911.84
MinimumVisualStudioVersion = 10.0.40219.1
Project("{FAE04EC0-301F-11D3-BF4B-00C04F79EFBC}") = "ServiceLib", "ServiceLib\ServiceLib.csproj", "{38A71E46-D5E4-4C98-8DE7-9E7C50DEECDB}"
EndProject
Project("{FAE04EC0-301F-11D3-BF4B-00C04F79EFBC}") = "ServiceInterface", "ServiceInterface\ServiceInterface.csproj", "{07D0D89C-3A6C-4068-BBC0-14A3CB7FFAD4}"
EndProject
Project("{FAE04EC0-301F-11D3-BF4B-00C04F79EFBC}") = "XUnitTesting", "XUnitTesting\XUnitTesting.csproj", "{F05B9379-0B90-46E0-89FF-B1BC20D0166E}"
EndProject
Project("{FAE04EC0-301F-11D3-BF4B-00C04F79EFBC}") = "SlCustomKeypad", "SlCustomKeypad\SlCustomKeypad.csproj", "{90A8EC58-D184-451B-8D96-CAAEBDE0D087}"
EndProject
Project("{FAE04EC0-301F-11D3-BF4B-00C04F79EFBC}") = "LocalizationUsingSatelliteAssemblies", "LocalizationUsingSatelliteAssemblies\LocalizationUsingSatelliteAssemblies.csproj", "{1B1E2F81-24C1-41CF-A3C8-7238E09F86A9}"
EndProject
Project("{FAE04EC0-301F-11D3-BF4B-00C04F79EFBC}") = "Attributes", "Attributes\Attributes.csproj", "{0AAE43F2-D42A-4EA4-8EDC-CCA3F626A5E5}"
EndProject
Project("{FAE04EC0-301F-11D3-BF4B-00C04F79EFBC}") = "FastPosFrontend", "FastPosFrontend\FastPosFrontend.csproj", "{9AF58E0B-E90F-408D-A3ED-476F62B7DEBB}"
EndProject
Project("{FAE04EC0-301F-11D3-BF4B-00C04F79EFBC}") = "Configuration", "Configuration\Configuration.csproj", "{4FE2D661-539C-461B-8BE1-471FCE2933B4}"
EndProject
Project("{FAE04EC0-301F-11D3-BF4B-00C04F79EFBC}") = "Utilities", "Utilities\Utilities.csproj", "{6C71020B-93DD-48EB-9FC4-9E728825D046}"
EndProject
Global
	GlobalSection(SolutionConfigurationPlatforms) = preSolution
		Debug|Any CPU = Debug|Any CPU
		Release|Any CPU = Release|Any CPU
	EndGlobalSection
	GlobalSection(ProjectConfigurationPlatforms) = postSolution
		{38A71E46-D5E4-4C98-8DE7-9E7C50DEECDB}.Debug|Any CPU.ActiveCfg = Debug|Any CPU
		{38A71E46-D5E4-4C98-8DE7-9E7C50DEECDB}.Debug|Any CPU.Build.0 = Debug|Any CPU
		{38A71E46-D5E4-4C98-8DE7-9E7C50DEECDB}.Release|Any CPU.ActiveCfg = Release|Any CPU
		{38A71E46-D5E4-4C98-8DE7-9E7C50DEECDB}.Release|Any CPU.Build.0 = Release|Any CPU
		{07D0D89C-3A6C-4068-BBC0-14A3CB7FFAD4}.Debug|Any CPU.ActiveCfg = Debug|Any CPU
		{07D0D89C-3A6C-4068-BBC0-14A3CB7FFAD4}.Debug|Any CPU.Build.0 = Debug|Any CPU
		{07D0D89C-3A6C-4068-BBC0-14A3CB7FFAD4}.Release|Any CPU.ActiveCfg = Release|Any CPU
		{07D0D89C-3A6C-4068-BBC0-14A3CB7FFAD4}.Release|Any CPU.Build.0 = Release|Any CPU
		{F05B9379-0B90-46E0-89FF-B1BC20D0166E}.Debug|Any CPU.ActiveCfg = Debug|Any CPU
		{F05B9379-0B90-46E0-89FF-B1BC20D0166E}.Debug|Any CPU.Build.0 = Debug|Any CPU
		{F05B9379-0B90-46E0-89FF-B1BC20D0166E}.Release|Any CPU.ActiveCfg = Release|Any CPU
		{F05B9379-0B90-46E0-89FF-B1BC20D0166E}.Release|Any CPU.Build.0 = Release|Any CPU
		{90A8EC58-D184-451B-8D96-CAAEBDE0D087}.Debug|Any CPU.ActiveCfg = Debug|Any CPU
		{90A8EC58-D184-451B-8D96-CAAEBDE0D087}.Debug|Any CPU.Build.0 = Debug|Any CPU
		{90A8EC58-D184-451B-8D96-CAAEBDE0D087}.Release|Any CPU.ActiveCfg = Release|Any CPU
		{90A8EC58-D184-451B-8D96-CAAEBDE0D087}.Release|Any CPU.Build.0 = Release|Any CPU
		{1B1E2F81-24C1-41CF-A3C8-7238E09F86A9}.Debug|Any CPU.ActiveCfg = Debug|Any CPU
		{1B1E2F81-24C1-41CF-A3C8-7238E09F86A9}.Debug|Any CPU.Build.0 = Debug|Any CPU
		{1B1E2F81-24C1-41CF-A3C8-7238E09F86A9}.Release|Any CPU.ActiveCfg = Release|Any CPU
		{1B1E2F81-24C1-41CF-A3C8-7238E09F86A9}.Release|Any CPU.Build.0 = Release|Any CPU
		{0AAE43F2-D42A-4EA4-8EDC-CCA3F626A5E5}.Debug|Any CPU.ActiveCfg = Debug|Any CPU
		{0AAE43F2-D42A-4EA4-8EDC-CCA3F626A5E5}.Debug|Any CPU.Build.0 = Debug|Any CPU
		{0AAE43F2-D42A-4EA4-8EDC-CCA3F626A5E5}.Release|Any CPU.ActiveCfg = Release|Any CPU
		{0AAE43F2-D42A-4EA4-8EDC-CCA3F626A5E5}.Release|Any CPU.Build.0 = Release|Any CPU
		{9AF58E0B-E90F-408D-A3ED-476F62B7DEBB}.Debug|Any CPU.ActiveCfg = Debug|Any CPU
		{9AF58E0B-E90F-408D-A3ED-476F62B7DEBB}.Debug|Any CPU.Build.0 = Debug|Any CPU
		{9AF58E0B-E90F-408D-A3ED-476F62B7DEBB}.Release|Any CPU.ActiveCfg = Release|Any CPU
		{9AF58E0B-E90F-408D-A3ED-476F62B7DEBB}.Release|Any CPU.Build.0 = Release|Any CPU
		{4FE2D661-539C-461B-8BE1-471FCE2933B4}.Debug|Any CPU.ActiveCfg = Debug|Any CPU
		{4FE2D661-539C-461B-8BE1-471FCE2933B4}.Debug|Any CPU.Build.0 = Debug|Any CPU
		{4FE2D661-539C-461B-8BE1-471FCE2933B4}.Release|Any CPU.ActiveCfg = Release|Any CPU
		{4FE2D661-539C-461B-8BE1-471FCE2933B4}.Release|Any CPU.Build.0 = Release|Any CPU
		{6C71020B-93DD-48EB-9FC4-9E728825D046}.Debug|Any CPU.ActiveCfg = Debug|Any CPU
		{6C71020B-93DD-48EB-9FC4-9E728825D046}.Debug|Any CPU.Build.0 = Debug|Any CPU
		{6C71020B-93DD-48EB-9FC4-9E728825D046}.Release|Any CPU.ActiveCfg = Release|Any CPU
		{6C71020B-93DD-48EB-9FC4-9E728825D046}.Release|Any CPU.Build.0 = Release|Any CPU
	EndGlobalSection
	GlobalSection(SolutionProperties) = preSolution
		HideSolutionNode = FALSE
	EndGlobalSection
	GlobalSection(ExtensibilityGlobals) = postSolution
		SolutionGuid = {71E3936F-FA84-4BD2-BD70-0B64D5C1B0A6}
	EndGlobalSection
EndGlobal
